
Microsoft Visual Studio Solution File, Format Version 12.00
# Visual Studio Version 16
VisualStudioVersion = 16.0.31624.102
MinimumVisualStudioVersion = 10.0.40219.1
Project("{FAE04EC0-301F-11D3-BF4B-00C04F79EFBC}") = "Longest_Common_Prefix", "Longest_Common_Prefix\Longest_Common_Prefix.csproj", "{91428EB0-63B7-49F6-8B28-954E6B5EFC28}"
EndProject
Global
	GlobalSection(SolutionConfigurationPlatforms) = preSolution
		Debug|Any CPU = Debug|Any CPU
		Release|Any CPU = Release|Any CPU
	EndGlobalSection
	GlobalSection(ProjectConfigurationPlatforms) = postSolution
		{91428EB0-63B7-49F6-8B28-954E6B5EFC28}.Debug|Any CPU.ActiveCfg = Debug|Any CPU
		{91428EB0-63B7-49F6-8B28-954E6B5EFC28}.Debug|Any CPU.Build.0 = Debug|Any CPU
		{91428EB0-63B7-49F6-8B28-954E6B5EFC28}.Release|Any CPU.ActiveCfg = Release|Any CPU
		{91428EB0-63B7-49F6-8B28-954E6B5EFC28}.Release|Any CPU.Build.0 = Release|Any CPU
	EndGlobalSection
	GlobalSection(SolutionProperties) = preSolution
		HideSolutionNode = FALSE
	EndGlobalSection
	GlobalSection(ExtensibilityGlobals) = postSolution
		SolutionGuid = {E8D085B5-F32B-4DDA-9B56-AC10403A7037}
	EndGlobalSection
EndGlobal
